
Microsoft Visual Studio Solution File, Format Version 12.00
# Visual Studio 15
VisualStudioVersion = 15.0.27004.2002
MinimumVisualStudioVersion = 10.0.40219.1
Project("{FAE04EC0-301F-11D3-BF4B-00C04F79EFBC}") = "VSHelloWorld_150221044", "VSHelloWorld_150221044\VSHelloWorld_150221044.csproj", "{86300FDE-41B6-40E5-A0DF-78D545C6DF7F}"
EndProject
Global
	GlobalSection(SolutionConfigurationPlatforms) = preSolution
		Debug|Any CPU = Debug|Any CPU
		Release|Any CPU = Release|Any CPU
	EndGlobalSection
	GlobalSection(ProjectConfigurationPlatforms) = postSolution
		{86300FDE-41B6-40E5-A0DF-78D545C6DF7F}.Debug|Any CPU.ActiveCfg = Debug|Any CPU
		{86300FDE-41B6-40E5-A0DF-78D545C6DF7F}.Debug|Any CPU.Build.0 = Debug|Any CPU
		{86300FDE-41B6-40E5-A0DF-78D545C6DF7F}.Release|Any CPU.ActiveCfg = Release|Any CPU
		{86300FDE-41B6-40E5-A0DF-78D545C6DF7F}.Release|Any CPU.Build.0 = Release|Any CPU
	EndGlobalSection
	GlobalSection(SolutionProperties) = preSolution
		HideSolutionNode = FALSE
	EndGlobalSection
	GlobalSection(ExtensibilityGlobals) = postSolution
		SolutionGuid = {9DC3974F-634E-4349-8ED2-CB2D2575007B}
	EndGlobalSection
EndGlobal
